
Microsoft Visual Studio Solution File, Format Version 12.00
# Visual Studio 15
VisualStudioVersion = 15.0.27130.0
MinimumVisualStudioVersion = 10.0.40219.1
Project("{2150E333-8FDC-42A3-9474-1A3956D46DE8}") = "src", "src", "{EC353EEC-089F-4BC3-83C7-9BBCB5F56338}"
EndProject
Project("{2150E333-8FDC-42A3-9474-1A3956D46DE8}") = "test", "test", "{EEBC4DA5-443B-466B-ACAE-504357D54969}"
EndProject
Project("{9A19103F-16F7-4668-BE54-9A1E7A4F7556}") = "HttpClientExample", "src\HttpClientExample\HttpClientExample.csproj", "{C990592F-8D8F-42EF-A0EE-3BF279841D0B}"
EndProject
Project("{FAE04EC0-301F-11D3-BF4B-00C04F79EFBC}") = "HttpClientExample.Tests", "HttpClientExample.Tests\HttpClientExample.Tests.csproj", "{FD1EF4AC-72E0-4A9E-9D6C-69E0D1E5D97C}"
EndProject
Global
	GlobalSection(SolutionConfigurationPlatforms) = preSolution
		Debug|Any CPU = Debug|Any CPU
		Release|Any CPU = Release|Any CPU
	EndGlobalSection
	GlobalSection(ProjectConfigurationPlatforms) = postSolution
		{C990592F-8D8F-42EF-A0EE-3BF279841D0B}.Debug|Any CPU.ActiveCfg = Debug|Any CPU
		{C990592F-8D8F-42EF-A0EE-3BF279841D0B}.Debug|Any CPU.Build.0 = Debug|Any CPU
		{C990592F-8D8F-42EF-A0EE-3BF279841D0B}.Release|Any CPU.ActiveCfg = Release|Any CPU
		{C990592F-8D8F-42EF-A0EE-3BF279841D0B}.Release|Any CPU.Build.0 = Release|Any CPU
		{FD1EF4AC-72E0-4A9E-9D6C-69E0D1E5D97C}.Debug|Any CPU.ActiveCfg = Debug|Any CPU
		{FD1EF4AC-72E0-4A9E-9D6C-69E0D1E5D97C}.Debug|Any CPU.Build.0 = Debug|Any CPU
		{FD1EF4AC-72E0-4A9E-9D6C-69E0D1E5D97C}.Release|Any CPU.ActiveCfg = Release|Any CPU
		{FD1EF4AC-72E0-4A9E-9D6C-69E0D1E5D97C}.Release|Any CPU.Build.0 = Release|Any CPU
	EndGlobalSection
	GlobalSection(SolutionProperties) = preSolution
		HideSolutionNode = FALSE
	EndGlobalSection
	GlobalSection(NestedProjects) = preSolution
		{C990592F-8D8F-42EF-A0EE-3BF279841D0B} = {EC353EEC-089F-4BC3-83C7-9BBCB5F56338}
		{FD1EF4AC-72E0-4A9E-9D6C-69E0D1E5D97C} = {EEBC4DA5-443B-466B-ACAE-504357D54969}
	EndGlobalSection
	GlobalSection(ExtensibilityGlobals) = postSolution
		SolutionGuid = {34311EE6-4BF9-4DD1-80A6-F7D822710203}
	EndGlobalSection
EndGlobal
